{
    "_readme": [
        "This file locks the dependencies of your project to a known state",
        "Read more about it at https://getcomposer.org/doc/01-basic-usage.md#installing-dependencies",
        "This file is @generated automatically"
    ],
    "content-hash": "131ca048bc0c3462e7f6da75c331e119",
    "packages": [
        {
            "name": "harvesthq/chosen",
            "version": "1.6.1",
            "dist": {
                "type": "zip",
                "url": "https://github.com/harvesthq/chosen/releases/download/v1.6.1/chosen_v1.6.1.zip",
                "reference": null,
                "shasum": null
            },
            "type": "drupal-library"
        }
    ],
    "packages-dev": [],
    "aliases": [],
    "minimum-stability": "stable",
    "stability-flags": [],
    "prefer-stable": false,
    "prefer-lowest": false,
    "platform": [],
    "platform-dev": []
}
